// !$*UTF8*$!
{
	archiveVersion = 1;
	classes = {
	};
	objectVersion = 50;
	objects = {

/* Begin PBXBuildFile section */
		50BE16C924EACB970093B38F /* AppDelegate.swift in Sources */ = {isa = PBXBuildFile; fileRef = 50BE16C824EACB970093B38F /* AppDelegate.swift */; };
		50BE16CB24EACB970093B38F /* SceneDelegate.swift in Sources */ = {isa = PBXBuildFile; fileRef = 50BE16CA24EACB970093B38F /* SceneDelegate.swift */; };
		50BE16CD24EACB970093B38F /* ContentView.swift in Sources */ = {isa = PBXBuildFile; fileRef = 50BE16CC24EACB970093B38F /* ContentView.swift */; };
		50BE16CF24EACB980093B38F /* Assets.xcassets in Resources */ = {isa = PBXBuildFile; fileRef = 50BE16CE24EACB980093B38F /* Assets.xcassets */; };
		50BE16D224EACB980093B38F /* Preview Assets.xcassets in Resources */ = {isa = PBXBuildFile; fileRef = 50BE16D124EACB980093B38F /* Preview Assets.xcassets */; };
		50BE16D524EACB980093B38F /* LaunchScreen.storyboard in Resources */ = {isa = PBXBuildFile; fileRef = 50BE16D324EACB980093B38F /* LaunchScreen.storyboard */; };
/* End PBXBuildFile section */

/* Begin PBXFileReference section */
		50BE16C524EACB970093B38F /* Quit.app */ = {isa = PBXFileReference; explicitFileType = wrapper.application; includeInIndex = 0; path = Quit.app; sourceTree = BUILT_PRODUCTS_DIR; };
		50BE16C824EACB970093B38F /* AppDelegate.swift */ = {isa = PBXFileReference; lastKnownFileType = sourcecode.swift; path = AppDelegate.swift; sourceTree = "<group>"; };
		50BE16CA24EACB970093B38F /* SceneDelegate.swift */ = {isa = PBXFileReference; lastKnownFileType = sourcecode.swift; path = SceneDelegate.swift; sourceTree = "<group>"; };
		50BE16CC24EACB970093B38F /* ContentView.swift */ = {isa = PBXFileReference; lastKnownFileType = sourcecode.swift; path = ContentView.swift; sourceTree = "<group>"; };
		50BE16CE24EACB980093B38F /* Assets.xcassets */ = {isa = PBXFileReference; lastKnownFileType = folder.assetcatalog; path = Assets.xcassets; sourceTree = "<group>"; };
		50BE16D124EACB980093B38F /* Preview Assets.xcassets */ = {isa = PBXFileReference; lastKnownFileType = folder.assetcatalog; path = "Preview Assets.xcassets"; sourceTree = "<group>"; };
		50BE16D424EACB980093B38F /* Base */ = {isa = PBXFileReference; lastKnownFileType = file.storyboard; name = Base; path = Base.lproj/LaunchScreen.storyboard; sourceTree = "<group>"; };
		50BE16D624EACB980093B38F /* Info.plist */ = {isa = PBXFileReference; lastKnownFileType = text.plist.xml; path = Info.plist; sourceTree = "<group>"; };
		50BE16DC24EACBAA0093B38F /* README.md */ = {isa = PBXFileReference; lastKnownFileType = net.daringfireball.markdown; path = README.md; sourceTree = "<group>"; };
/* End PBXFileReference section */

/* Begin PBXFrameworksBuildPhase section */
		50BE16C224EACB970093B38F /* Frameworks */ = {
			isa = PBXFrameworksBuildPhase;
			buildActionMask = 2147483647;
			files = (
			);
			runOnlyForDeploymentPostprocessing = 0;
		};
/* End PBXFrameworksBuildPhase section */

/* Begin PBXGroup section */
		50BE16BC24EACB970093B38F = {
			isa = PBXGroup;
			children = (
				50BE16DC24EACBAA0093B38F /* README.md */,
				50BE16C724EACB970093B38F /* Quit */,
				50BE16C624EACB970093B38F /* Products */,
			);
			sourceTree = "<group>";
		};
		50BE16C624EACB970093B38F /* Products */ = {
			isa = PBXGroup;
			children = (
				50BE16C524EACB970093B38F /* Quit.app */,
			);
			name = Products;
			sourceTree = "<group>";
		};
		50BE16C724EACB970093B38F /* Quit */ = {
			isa = PBXGroup;
			children = (
				50BE16C824EACB970093B38F /* AppDelegate.swift */,
				50BE16CA24EACB970093B38F /* SceneDelegate.swift */,
				50BE16CC24EACB970093B38F /* ContentView.swift */,
				50BE16CE24EACB980093B38F /* Assets.xcassets */,
				50BE16D324EACB980093B38F /* LaunchScreen.storyboard */,
				50BE16D624EACB980093B38F /* Info.plist */,
				50BE16D024EACB980093B38F /* Preview Content */,
			);
			path = Quit;
			sourceTree = "<group>";
		};
		50BE16D024EACB980093B38F /* Preview Content */ = {
			isa = PBXGroup;
			children = (
				50BE16D124EACB980093B38F /* Preview Assets.xcassets */,
			);
			path = "Preview Content";
			sourceTree = "<group>";
		};
/* End PBXGroup section */

/* Begin PBXNativeTarget section */
		50BE16C424EACB970093B38F /* Quit */ = {
			isa = PBXNativeTarget;
			buildConfigurationList = 50BE16D924EACB980093B38F /* Build configuration list for PBXNativeTarget "Quit" */;
			buildPhases = (
				50BE16C124EACB970093B38F /* Sources */,
				50BE16C224EACB970093B38F /* Frameworks */,
				50BE16C324EACB970093B38F /* Resources */,
			);
			buildRules = (
			);
			dependencies = (
			);
			name = Quit;
			productName = Quit;
			productReference = 50BE16C524EACB970093B38F /* Quit.app */;
			productType = "com.apple.product-type.application";
		};
/* End PBXNativeTarget section */

/* Begin PBXProject section */
		50BE16BD24EACB970093B38F /* Project object */ = {
			isa = PBXProject;
			attributes = {
				LastSwiftUpdateCheck = 1160;
				LastUpgradeCheck = 1160;
				ORGANIZATIONNAME = "Grzegorz Gumieniak";
				TargetAttributes = {
					50BE16C424EACB970093B38F = {
						CreatedOnToolsVersion = 11.6;
					};
				};
			};
			buildConfigurationList = 50BE16C024EACB970093B38F /* Build configuration list for PBXProject "Quit" */;
			compatibilityVersion = "Xcode 9.3";
			developmentRegion = en;
			hasScannedForEncodings = 0;
			knownRegions = (
				en,
				Base,
			);
			mainGroup = 50BE16BC24EACB970093B38F;
			productRefGroup = 50BE16C624EACB970093B38F /* Products */;
			projectDirPath = "";
			projectRoot = "";
			targets = (
				50BE16C424EACB970093B38F /* Quit */,
			);
		};
/* End PBXProject section */

/* Begin PBXResourcesBuildPhase section */
		50BE16C324EACB970093B38F /* Resources */ = {
			isa = PBXResourcesBuildPhase;
			buildActionMask = 2147483647;
			files = (
				50BE16D524EACB980093B38F /* LaunchScreen.storyboard in Resources */,
				50BE16D224EACB980093B38F /* Preview Assets.xcassets in Resources */,
				50BE16CF24EACB980093B38F /* Assets.xcassets in Resources */,
			);
			runOnlyForDeploymentPostprocessing = 0;
		};
/* End PBXResourcesBuildPhase section */

/* Begin PBXSourcesBuildPhase section */
		50BE16C124EACB970093B38F /* Sources */ = {
			isa = PBXSourcesBuildPhase;
			buildActionMask = 2147483647;
			files = (
				50BE16C924EACB970093B38F /* AppDelegate.swift in Sources */,
				50BE16CB24EACB970093B38F /* SceneDelegate.swift in Sources */,
				50BE16CD24EACB970093B38F /* ContentView.swift in Sources */,
			);
			runOnlyForDeploymentPostprocessing = 0;
		};
/* End PBXSourcesBuildPhase section */

/* Begin PBXVariantGroup section */
		50BE16D324EACB980093B38F /* LaunchScreen.storyboard */ = {
			isa = PBXVariantGroup;
			children = (
				50BE16D424EACB980093B38F /* Base */,
			);
			name = LaunchScreen.storyboard;
			sourceTree = "<group>";
		};
/* End PBXVariantGroup section */

/* Begin XCBuildConfiguration section */
		50BE16D724EACB980093B38F /* Debug */ = {
			isa = XCBuildConfiguration;
			buildSettings = {
				ALWAYS_SEARCH_USER_PATHS = NO;
				CLANG_ANALYZER_NONNULL = YES;
				CLANG_ANALYZER_NUMBER_OBJECT_CONVERSION = YES_AGGRESSIVE;
				CLANG_CXX_LANGUAGE_STANDARD = "gnu++14";
				CLANG_CXX_LIBRARY = "libc++";
				CLANG_ENABLE_MODULES = YES;
				CLANG_ENABLE_OBJC_ARC = YES;
				CLANG_ENABLE_OBJC_WEAK = YES;
				CLANG_WARN_BLOCK_CAPTURE_AUTORELEASING = YES;
				CLANG_WARN_BOOL_CONVERSION = YES;
				CLANG_WARN_COMMA = YES;
				CLANG_WARN_CONSTANT_CONVERSION = YES;
				CLANG_WARN_DEPRECATED_OBJC_IMPLEMENTATIONS = YES;
				CLANG_WARN_DIRECT_OBJC_ISA_USAGE = YES_ERROR;
				CLANG_WARN_DOCUMENTATION_COMMENTS = YES;
				CLANG_WARN_EMPTY_BODY = YES;
				CLANG_WARN_ENUM_CONVERSION = YES;
				CLANG_WARN_INFINITE_RECURSION = YES;
				CLANG_WARN_INT_CONVERSION = YES;
				CLANG_WARN_NON_LITERAL_NULL_CONVERSION = YES;
				CLANG_WARN_OBJC_IMPLICIT_RETAIN_SELF = YES;
				CLANG_WARN_OBJC_LITERAL_CONVERSION = YES;
				CLANG_WARN_OBJC_ROOT_CLASS = YES_ERROR;
				CLANG_WARN_RANGE_LOOP_ANALYSIS = YES;
				CLANG_WARN_STRICT_PROTOTYPES = YES;
				CLANG_WARN_SUSPICIOUS_MOVE = YES;
				CLANG_WARN_UNGUARDED_AVAILABILITY = YES_AGGRESSIVE;
				CLANG_WARN_UNREACHABLE_CODE = YES;
				CLANG_WARN__DUPLICATE_METHOD_MATCH = YES;
				COPY_PHASE_STRIP = NO;
				DEBUG_INFORMATION_FORMAT = dwarf;
				ENABLE_STRICT_OBJC_MSGSEND = YES;
				ENABLE_TESTABILITY = YES;
				GCC_C_LANGUAGE_STANDARD = gnu11;
				GCC_DYNAMIC_NO_PIC = NO;
				GCC_NO_COMMON_BLOCKS = YES;
				GCC_OPTIMIZATION_LEVEL = 0;
				GCC_PREPROCESSOR_DEFINITIONS = (
					"DEBUG=1",
					"$(inherited)",
				);
				GCC_WARN_64_TO_32_BIT_CONVERSION = YES;
				GCC_WARN_ABOUT_RETURN_TYPE = YES_ERROR;
				GCC_WARN_UNDECLARED_SELECTOR = YES;
				GCC_WARN_UNINITIALIZED_AUTOS = YES_AGGRESSIVE;
				GCC_WARN_UNUSED_FUNCTION = YES;
				GCC_WARN_UNUSED_VARIABLE = YES;
				IPHONEOS_DEPLOYMENT_TARGET = 13.6;
				MTL_ENABLE_DEBUG_INFO = INCLUDE_SOURCE;
				MTL_FAST_MATH = YES;
				ONLY_ACTIVE_ARCH = YES;
				SDKROOT = iphoneos;
				SWIFT_ACTIVE_COMPILATION_CONDITIONS = DEBUG;
				SWIFT_OPTIMIZATION_LEVEL = "-Onone";
			};
			name = Debug;
		};
		50BE16D824EACB980093B38F /* Release */ = {
			isa = XCBuildConfiguration;
			buildSettings = {
				ALWAYS_SEARCH_USER_PATHS = NO;
				CLANG_ANALYZER_NONNULL = YES;
				CLANG_ANALYZER_NUMBER_OBJECT_CONVERSION = YES_AGGRESSIVE;
				CLANG_CXX_LANGUAGE_STANDARD = "gnu++14";
				CLANG_CXX_LIBRARY = "libc++";
				CLANG_ENABLE_MODULES = YES;
				CLANG_ENABLE_OBJC_ARC = YES;
				CLANG_ENABLE_OBJC_WEAK = YES;
				CLANG_WARN_BLOCK_CAPTURE_AUTORELEASING = YES;
				CLANG_WARN_BOOL_CONVERSION = YES;
				CLANG_WARN_COMMA = YES;
				CLANG_WARN_CONSTANT_CONVERSION = YES;
				CLANG_WARN_DEPRECATED_OBJC_IMPLEMENTATIONS = YES;
				CLANG_WARN_DIRECT_OBJC_ISA_USAGE = YES_ERROR;
				CLANG_WARN_DOCUMENTATION_COMMENTS = YES;
				CLANG_WARN_EMPTY_BODY = YES;
				CLANG_WARN_ENUM_CONVERSION = YES;
				CLANG_WARN_INFINITE_RECURSION = YES;
				CLANG_WARN_INT_CONVERSION = YES;
				CLANG_WARN_NON_LITERAL_NULL_CONVERSION = YES;
				CLANG_WARN_OBJC_IMPLICIT_RETAIN_SELF = YES;
				CLANG_WARN_OBJC_LITERAL_CONVERSION = YES;
				CLANG_WARN_OBJC_ROOT_CLASS = YES_ERROR;
				CLANG_WARN_RANGE_LOOP_ANALYSIS = YES;
				CLANG_WARN_STRICT_PROTOTYPES = YES;
				CLANG_WARN_SUSPICIOUS_MOVE = YES;
				CLANG_WARN_UNGUARDED_AVAILABILITY = YES_AGGRESSIVE;
				CLANG_WARN_UNREACHABLE_CODE = YES;
				CLANG_WARN__DUPLICATE_METHOD_MATCH = YES;
				COPY_PHASE_STRIP = NO;
				DEBUG_INFORMATION_FORMAT = "dwarf-with-dsym";
				ENABLE_NS_ASSERTIONS = NO;
				ENABLE_STRICT_OBJC_MSGSEND = YES;
				GCC_C_LANGUAGE_STANDARD = gnu11;
				GCC_NO_COMMON_BLOCKS = YES;
				GCC_WARN_64_TO_32_BIT_CONVERSION = YES;
				GCC_WARN_ABOUT_RETURN_TYPE = YES_ERROR;
				GCC_WARN_UNDECLARED_SELECTOR = YES;
				GCC_WARN_UNINITIALIZED_AUTOS = YES_AGGRESSIVE;
				GCC_WARN_UNUSED_FUNCTION = YES;
				GCC_WARN_UNUSED_VARIABLE = YES;
				IPHONEOS_DEPLOYMENT_TARGET = 13.6;
				MTL_ENABLE_DEBUG_INFO = NO;
				MTL_FAST_MATH = YES;
				SDKROOT = iphoneos;
				SWIFT_COMPILATION_MODE = wholemodule;
				SWIFT_OPTIMIZATION_LEVEL = "-O";
				VALIDATE_PRODUCT = YES;
			};
			name = Release;
		};
		50BE16DA24EACB980093B38F /* Debug */ = {
			isa = XCBuildConfiguration;
			buildSettings = {
				ASSETCATALOG_COMPILER_APPICON_NAME = AppIcon;
				CODE_SIGN_STYLE = Automatic;
				DEVELOPMENT_ASSET_PATHS = "\"Quit/Preview Content\"";
				DEVELOPMENT_TEAM = 95WZQ373WM;
				ENABLE_PREVIEWS = YES;
				INFOPLIST_FILE = Quit/Info.plist;
				LD_RUNPATH_SEARCH_PATHS = (
					"$(inherited)",
					"@executable_path/Frameworks",
				);
				PRODUCT_BUNDLE_IDENTIFIER = com.gumieniakgrzegorz.Quit;
				PRODUCT_NAME = "$(TARGET_NAME)";
				SWIFT_VERSION = 5.0;
				TARGETED_DEVICE_FAMILY = "1,2";
			};
			name = Debug;
		};
		50BE16DB24EACB980093B38F /* Release */ = {
			isa = XCBuildConfiguration;
			buildSettings = {
				ASSETCATALOG_COMPILER_APPICON_NAME = AppIcon;
				CODE_SIGN_STYLE = Automatic;
				DEVELOPMENT_ASSET_PATHS = "\"Quit/Preview Content\"";
				DEVELOPMENT_TEAM = 95WZQ373WM;
				ENABLE_PREVIEWS = YES;
				INFOPLIST_FILE = Quit/Info.plist;
				LD_RUNPATH_SEARCH_PATHS = (
					"$(inherited)",
					"@executable_path/Frameworks",
				);
				PRODUCT_BUNDLE_IDENTIFIER = com.gumieniakgrzegorz.Quit;
				PRODUCT_NAME = "$(TARGET_NAME)";
				SWIFT_VERSION = 5.0;
				TARGETED_DEVICE_FAMILY = "1,2";
			};
			name = Release;
		};
/* End XCBuildConfiguration section */

/* Begin XCConfigurationList section */
		50BE16C024EACB970093B38F /* Build configuration list for PBXProject "Quit" */ = {
			isa = XCConfigurationList;
			buildConfigurations = (
				50BE16D724EACB980093B38F /* Debug */,
				50BE16D824EACB980093B38F /* Release */,
			);
			defaultConfigurationIsVisible = 0;
			defaultConfigurationName = Release;
		};
		50BE16D924EACB980093B38F /* Build configuration list for PBXNativeTarget "Quit" */ = {
			isa = XCConfigurationList;
			buildConfigurations = (
				50BE16DA24EACB980093B38F /* Debug */,
				50BE16DB24EACB980093B38F /* Release */,
			);
			defaultConfigurationIsVisible = 0;
			defaultConfigurationName = Release;
		};
/* End XCConfigurationList section */
	};
	rootObject = 50BE16BD24EACB970093B38F /* Project object */;
}
