// !$*UTF8*$!
{
	archiveVersion = 1;
	classes = {
	};
	objectVersion = 50;
	objects = {

/* Begin PBXBuildFile section */
		501CFE4426D7686F008B4341 /* HelperLink in Resources */ = {isa = PBXBuildFile; fileRef = 501CFE4326D7686F008B4341 /* HelperLink */; };
		503D1878261E0D0800239E43 /* QuitTests.swift in Sources */ = {isa = PBXBuildFile; fileRef = 503D1877261E0D0800239E43 /* QuitTests.swift */; };
		503D1882261E0D4300239E43 /* CellView.swift in Sources */ = {isa = PBXBuildFile; fileRef = 503D1881261E0D4300239E43 /* CellView.swift */; };
		503D188E261E1C3500239E43 /* .gitignore in Resources */ = {isa = PBXBuildFile; fileRef = 503D188D261E1C3500239E43 /* .gitignore */; };
		503D1894261E21F600239E43 /* MainViewModel.swift in Sources */ = {isa = PBXBuildFile; fileRef = 503D1893261E21F600239E43 /* MainViewModel.swift */; };
		503D1898261E220C00239E43 /* Quit.swift in Sources */ = {isa = PBXBuildFile; fileRef = 503D1897261E220C00239E43 /* Quit.swift */; };
		5072EFF226B1B95400AFB44E /* Date+toString.swift in Sources */ = {isa = PBXBuildFile; fileRef = 5072EFF126B1B95400AFB44E /* Date+toString.swift */; };
		509A6DFB263C02CA00B80217 /* DetailView.swift in Sources */ = {isa = PBXBuildFile; fileRef = 509A6DFA263C02CA00B80217 /* DetailView.swift */; };
		50A3487726E757A600EB0EDE /* Quits+CoreDataClass.swift in Sources */ = {isa = PBXBuildFile; fileRef = 50A3487526E757A600EB0EDE /* Quits+CoreDataClass.swift */; };
		50A3487826E757A600EB0EDE /* Quits+CoreDataProperties.swift in Sources */ = {isa = PBXBuildFile; fileRef = 50A3487626E757A600EB0EDE /* Quits+CoreDataProperties.swift */; };
		50A35DC626E641F30077AB03 /* Quits.xcdatamodeld in Sources */ = {isa = PBXBuildFile; fileRef = 50A35DC426E641F30077AB03 /* Quits.xcdatamodeld */; };
		50A9537026297347006BA74B /* EditView.swift in Sources */ = {isa = PBXBuildFile; fileRef = 50A9536F26297347006BA74B /* EditView.swift */; };
		50BE16C924EACB970093B38F /* AppDelegate.swift in Sources */ = {isa = PBXBuildFile; fileRef = 50BE16C824EACB970093B38F /* AppDelegate.swift */; };
		50BE16CB24EACB970093B38F /* SceneDelegate.swift in Sources */ = {isa = PBXBuildFile; fileRef = 50BE16CA24EACB970093B38F /* SceneDelegate.swift */; };
		50BE16CD24EACB970093B38F /* MainView.swift in Sources */ = {isa = PBXBuildFile; fileRef = 50BE16CC24EACB970093B38F /* MainView.swift */; };
		50BE16CF24EACB980093B38F /* Assets.xcassets in Resources */ = {isa = PBXBuildFile; fileRef = 50BE16CE24EACB980093B38F /* Assets.xcassets */; };
		50BE16D224EACB980093B38F /* Preview Assets.xcassets in Resources */ = {isa = PBXBuildFile; fileRef = 50BE16D124EACB980093B38F /* Preview Assets.xcassets */; };
		50BE16D524EACB980093B38F /* LaunchScreen.storyboard in Resources */ = {isa = PBXBuildFile; fileRef = 50BE16D324EACB980093B38F /* LaunchScreen.storyboard */; };
		50D573CA26D4FF0E0009EFA2 /* ContentView.swift in Sources */ = {isa = PBXBuildFile; fileRef = 50D573C926D4FF0E0009EFA2 /* ContentView.swift */; };
		50D573CC26D51FA80009EFA2 /* CenteredButton.swift in Sources */ = {isa = PBXBuildFile; fileRef = 50D573CB26D51FA80009EFA2 /* CenteredButton.swift */; };
/* End PBXBuildFile section */

/* Begin PBXContainerItemProxy section */
		503D187A261E0D0800239E43 /* PBXContainerItemProxy */ = {
			isa = PBXContainerItemProxy;
			containerPortal = 50BE16BD24EACB970093B38F /* Project object */;
			proxyType = 1;
			remoteGlobalIDString = 50BE16C424EACB970093B38F;
			remoteInfo = Quit;
		};
/* End PBXContainerItemProxy section */

/* Begin PBXFileReference section */
		501CFE4326D7686F008B4341 /* HelperLink */ = {isa = PBXFileReference; fileEncoding = 4; lastKnownFileType = text; path = HelperLink; sourceTree = "<group>"; };
		503D1875261E0D0700239E43 /* QuitTests.xctest */ = {isa = PBXFileReference; explicitFileType = wrapper.cfbundle; includeInIndex = 0; path = QuitTests.xctest; sourceTree = BUILT_PRODUCTS_DIR; };
		503D1877261E0D0800239E43 /* QuitTests.swift */ = {isa = PBXFileReference; lastKnownFileType = sourcecode.swift; path = QuitTests.swift; sourceTree = "<group>"; };
		503D1879261E0D0800239E43 /* Info.plist */ = {isa = PBXFileReference; lastKnownFileType = text.plist.xml; path = Info.plist; sourceTree = "<group>"; };
		503D1881261E0D4300239E43 /* CellView.swift */ = {isa = PBXFileReference; lastKnownFileType = sourcecode.swift; path = CellView.swift; sourceTree = "<group>"; };
		503D188D261E1C3500239E43 /* .gitignore */ = {isa = PBXFileReference; lastKnownFileType = text; path = .gitignore; sourceTree = "<group>"; };
		503D1893261E21F600239E43 /* MainViewModel.swift */ = {isa = PBXFileReference; lastKnownFileType = sourcecode.swift; path = MainViewModel.swift; sourceTree = "<group>"; };
		503D1897261E220C00239E43 /* Quit.swift */ = {isa = PBXFileReference; lastKnownFileType = sourcecode.swift; path = Quit.swift; sourceTree = "<group>"; };
		5072EFF126B1B95400AFB44E /* Date+toString.swift */ = {isa = PBXFileReference; lastKnownFileType = sourcecode.swift; path = "Date+toString.swift"; sourceTree = "<group>"; };
		509A6DFA263C02CA00B80217 /* DetailView.swift */ = {isa = PBXFileReference; lastKnownFileType = sourcecode.swift; path = DetailView.swift; sourceTree = "<group>"; };
		50A3487526E757A600EB0EDE /* Quits+CoreDataClass.swift */ = {isa = PBXFileReference; lastKnownFileType = sourcecode.swift; path = "Quits+CoreDataClass.swift"; sourceTree = "<group>"; };
		50A3487626E757A600EB0EDE /* Quits+CoreDataProperties.swift */ = {isa = PBXFileReference; lastKnownFileType = sourcecode.swift; path = "Quits+CoreDataProperties.swift"; sourceTree = "<group>"; };
		50A35DC526E641F30077AB03 /* Quits.xcdatamodel */ = {isa = PBXFileReference; lastKnownFileType = wrapper.xcdatamodel; path = Quits.xcdatamodel; sourceTree = "<group>"; };
		50A9536F26297347006BA74B /* EditView.swift */ = {isa = PBXFileReference; lastKnownFileType = sourcecode.swift; path = EditView.swift; sourceTree = "<group>"; };
		50BE16C524EACB970093B38F /* Quit.app */ = {isa = PBXFileReference; explicitFileType = wrapper.application; includeInIndex = 0; path = Quit.app; sourceTree = BUILT_PRODUCTS_DIR; };
		50BE16C824EACB970093B38F /* AppDelegate.swift */ = {isa = PBXFileReference; lastKnownFileType = sourcecode.swift; path = AppDelegate.swift; sourceTree = "<group>"; };
		50BE16CA24EACB970093B38F /* SceneDelegate.swift */ = {isa = PBXFileReference; lastKnownFileType = sourcecode.swift; path = SceneDelegate.swift; sourceTree = "<group>"; };
		50BE16CC24EACB970093B38F /* MainView.swift */ = {isa = PBXFileReference; lastKnownFileType = sourcecode.swift; path = MainView.swift; sourceTree = "<group>"; };
		50BE16CE24EACB980093B38F /* Assets.xcassets */ = {isa = PBXFileReference; lastKnownFileType = folder.assetcatalog; path = Assets.xcassets; sourceTree = "<group>"; };
		50BE16D124EACB980093B38F /* Preview Assets.xcassets */ = {isa = PBXFileReference; lastKnownFileType = folder.assetcatalog; path = "Preview Assets.xcassets"; sourceTree = "<group>"; };
		50BE16D424EACB980093B38F /* Base */ = {isa = PBXFileReference; lastKnownFileType = file.storyboard; name = Base; path = Base.lproj/LaunchScreen.storyboard; sourceTree = "<group>"; };
		50BE16D624EACB980093B38F /* Info.plist */ = {isa = PBXFileReference; lastKnownFileType = text.plist.xml; path = Info.plist; sourceTree = "<group>"; };
		50BE16DC24EACBAA0093B38F /* README.md */ = {isa = PBXFileReference; lastKnownFileType = net.daringfireball.markdown; path = README.md; sourceTree = "<group>"; };
		50D573C926D4FF0E0009EFA2 /* ContentView.swift */ = {isa = PBXFileReference; lastKnownFileType = sourcecode.swift; path = ContentView.swift; sourceTree = "<group>"; };
		50D573CB26D51FA80009EFA2 /* CenteredButton.swift */ = {isa = PBXFileReference; lastKnownFileType = sourcecode.swift; path = CenteredButton.swift; sourceTree = "<group>"; };
/* End PBXFileReference section */

/* Begin PBXFrameworksBuildPhase section */
		503D1872261E0D0700239E43 /* Frameworks */ = {
			isa = PBXFrameworksBuildPhase;
			buildActionMask = 2147483647;
			files = (
			);
			runOnlyForDeploymentPostprocessing = 0;
		};
		50BE16C224EACB970093B38F /* Frameworks */ = {
			isa = PBXFrameworksBuildPhase;
			buildActionMask = 2147483647;
			files = (
			);
			runOnlyForDeploymentPostprocessing = 0;
		};
/* End PBXFrameworksBuildPhase section */

/* Begin PBXGroup section */
		501EE7AA263AA6E800F7ECAB /* Utils */ = {
			isa = PBXGroup;
			children = (
			);
			path = Utils;
			sourceTree = "<group>";
		};
		503D1876261E0D0800239E43 /* QuitTests */ = {
			isa = PBXGroup;
			children = (
				503D1877261E0D0800239E43 /* QuitTests.swift */,
				503D1879261E0D0800239E43 /* Info.plist */,
			);
			path = QuitTests;
			sourceTree = "<group>";
		};
		503D1885261E0F6B00239E43 /* Models */ = {
			isa = PBXGroup;
			children = (
				503D1897261E220C00239E43 /* Quit.swift */,
			);
			path = Models;
			sourceTree = "<group>";
		};
		5072EFF026B1B5E600AFB44E /* Extensions */ = {
			isa = PBXGroup;
			children = (
				5072EFF126B1B95400AFB44E /* Date+toString.swift */,
			);
			path = Extensions;
			sourceTree = "<group>";
		};
		50A3487926E757BC00EB0EDE /* Core Data Model */ = {
			isa = PBXGroup;
			children = (
				50A3487526E757A600EB0EDE /* Quits+CoreDataClass.swift */,
				50A3487626E757A600EB0EDE /* Quits+CoreDataProperties.swift */,
				50A35DC426E641F30077AB03 /* Quits.xcdatamodeld */,
			);
			path = "Core Data Model";
			sourceTree = "<group>";
		};
		50BE16BC24EACB970093B38F = {
			isa = PBXGroup;
			children = (
				501CFE4326D7686F008B4341 /* HelperLink */,
				503D188D261E1C3500239E43 /* .gitignore */,
				50BE16DC24EACBAA0093B38F /* README.md */,
				50BE16C724EACB970093B38F /* Quit */,
				503D1876261E0D0800239E43 /* QuitTests */,
				50BE16C624EACB970093B38F /* Products */,
			);
			sourceTree = "<group>";
		};
		50BE16C624EACB970093B38F /* Products */ = {
			isa = PBXGroup;
			children = (
				50BE16C524EACB970093B38F /* Quit.app */,
				503D1875261E0D0700239E43 /* QuitTests.xctest */,
			);
			name = Products;
			sourceTree = "<group>";
		};
		50BE16C724EACB970093B38F /* Quit */ = {
			isa = PBXGroup;
			children = (
				50A3487926E757BC00EB0EDE /* Core Data Model */,
				5072EFF026B1B5E600AFB44E /* Extensions */,
				501EE7AA263AA6E800F7ECAB /* Utils */,
				503D1885261E0F6B00239E43 /* Models */,
				50BE16DD24EACC2C0093B38F /* AppDelegates */,
				50BE16DE24EACC340093B38F /* Views */,
				50BE16CE24EACB980093B38F /* Assets.xcassets */,
				50BE16D324EACB980093B38F /* LaunchScreen.storyboard */,
				50BE16D624EACB980093B38F /* Info.plist */,
				50BE16D024EACB980093B38F /* Preview Content */,
			);
			path = Quit;
			sourceTree = "<group>";
		};
		50BE16D024EACB980093B38F /* Preview Content */ = {
			isa = PBXGroup;
			children = (
				50BE16D124EACB980093B38F /* Preview Assets.xcassets */,
			);
			path = "Preview Content";
			sourceTree = "<group>";
		};
		50BE16DD24EACC2C0093B38F /* AppDelegates */ = {
			isa = PBXGroup;
			children = (
				50BE16C824EACB970093B38F /* AppDelegate.swift */,
				50BE16CA24EACB970093B38F /* SceneDelegate.swift */,
			);
			path = AppDelegates;
			sourceTree = "<group>";
		};
		50BE16DE24EACC340093B38F /* Views */ = {
			isa = PBXGroup;
			children = (
				50BE16CC24EACB970093B38F /* MainView.swift */,
				503D1893261E21F600239E43 /* MainViewModel.swift */,
				503D1881261E0D4300239E43 /* CellView.swift */,
				50A9536F26297347006BA74B /* EditView.swift */,
				509A6DFA263C02CA00B80217 /* DetailView.swift */,
				50C7E75B26CE6B0100DDDF97 /* Components */,
				50D573C926D4FF0E0009EFA2 /* ContentView.swift */,
			);
			path = Views;
			sourceTree = "<group>";
		};
		50C7E75B26CE6B0100DDDF97 /* Components */ = {
			isa = PBXGroup;
			children = (
				50D573CB26D51FA80009EFA2 /* CenteredButton.swift */,
			);
			path = Components;
			sourceTree = "<group>";
		};
/* End PBXGroup section */

/* Begin PBXNativeTarget section */
		503D1874261E0D0700239E43 /* QuitTests */ = {
			isa = PBXNativeTarget;
			buildConfigurationList = 503D187E261E0D0800239E43 /* Build configuration list for PBXNativeTarget "QuitTests" */;
			buildPhases = (
				503D1871261E0D0700239E43 /* Sources */,
				503D1872261E0D0700239E43 /* Frameworks */,
				503D1873261E0D0700239E43 /* Resources */,
			);
			buildRules = (
			);
			dependencies = (
				503D187B261E0D0800239E43 /* PBXTargetDependency */,
			);
			name = QuitTests;
			productName = QuitTests;
			productReference = 503D1875261E0D0700239E43 /* QuitTests.xctest */;
			productType = "com.apple.product-type.bundle.unit-test";
		};
		50BE16C424EACB970093B38F /* Quit */ = {
			isa = PBXNativeTarget;
			buildConfigurationList = 50BE16D924EACB980093B38F /* Build configuration list for PBXNativeTarget "Quit" */;
			buildPhases = (
				50BE16C124EACB970093B38F /* Sources */,
				50BE16C224EACB970093B38F /* Frameworks */,
				50BE16C324EACB970093B38F /* Resources */,
			);
			buildRules = (
			);
			dependencies = (
			);
			name = Quit;
			productName = Quit;
			productReference = 50BE16C524EACB970093B38F /* Quit.app */;
			productType = "com.apple.product-type.application";
		};
/* End PBXNativeTarget section */

/* Begin PBXProject section */
		50BE16BD24EACB970093B38F /* Project object */ = {
			isa = PBXProject;
			attributes = {
				LastSwiftUpdateCheck = 1240;
				LastUpgradeCheck = 1250;
				ORGANIZATIONNAME = "Grzegorz Gumieniak";
				TargetAttributes = {
					503D1874261E0D0700239E43 = {
						CreatedOnToolsVersion = 12.4;
						TestTargetID = 50BE16C424EACB970093B38F;
					};
					50BE16C424EACB970093B38F = {
						CreatedOnToolsVersion = 11.6;
					};
				};
			};
			buildConfigurationList = 50BE16C024EACB970093B38F /* Build configuration list for PBXProject "Quit" */;
			compatibilityVersion = "Xcode 9.3";
			developmentRegion = en;
			hasScannedForEncodings = 0;
			knownRegions = (
				en,
				Base,
			);
			mainGroup = 50BE16BC24EACB970093B38F;
			productRefGroup = 50BE16C624EACB970093B38F /* Products */;
			projectDirPath = "";
			projectRoot = "";
			targets = (
				50BE16C424EACB970093B38F /* Quit */,
				503D1874261E0D0700239E43 /* QuitTests */,
			);
		};
/* End PBXProject section */

/* Begin PBXResourcesBuildPhase section */
		503D1873261E0D0700239E43 /* Resources */ = {
			isa = PBXResourcesBuildPhase;
			buildActionMask = 2147483647;
			files = (
			);
			runOnlyForDeploymentPostprocessing = 0;
		};
		50BE16C324EACB970093B38F /* Resources */ = {
			isa = PBXResourcesBuildPhase;
			buildActionMask = 2147483647;
			files = (
				501CFE4426D7686F008B4341 /* HelperLink in Resources */,
				503D188E261E1C3500239E43 /* .gitignore in Resources */,
				50BE16D524EACB980093B38F /* LaunchScreen.storyboard in Resources */,
				50BE16D224EACB980093B38F /* Preview Assets.xcassets in Resources */,
				50BE16CF24EACB980093B38F /* Assets.xcassets in Resources */,
			);
			runOnlyForDeploymentPostprocessing = 0;
		};
/* End PBXResourcesBuildPhase section */

/* Begin PBXSourcesBuildPhase section */
		503D1871261E0D0700239E43 /* Sources */ = {
			isa = PBXSourcesBuildPhase;
			buildActionMask = 2147483647;
			files = (
				503D1878261E0D0800239E43 /* QuitTests.swift in Sources */,
			);
			runOnlyForDeploymentPostprocessing = 0;
		};
		50BE16C124EACB970093B38F /* Sources */ = {
			isa = PBXSourcesBuildPhase;
			buildActionMask = 2147483647;
			files = (
				50A35DC626E641F30077AB03 /* Quits.xcdatamodeld in Sources */,
				509A6DFB263C02CA00B80217 /* DetailView.swift in Sources */,
				50A3487826E757A600EB0EDE /* Quits+CoreDataProperties.swift in Sources */,
				50D573CA26D4FF0E0009EFA2 /* ContentView.swift in Sources */,
				503D1898261E220C00239E43 /* Quit.swift in Sources */,
				50A9537026297347006BA74B /* EditView.swift in Sources */,
				503D1882261E0D4300239E43 /* CellView.swift in Sources */,
				50D573CC26D51FA80009EFA2 /* CenteredButton.swift in Sources */,
				5072EFF226B1B95400AFB44E /* Date+toString.swift in Sources */,
				503D1894261E21F600239E43 /* MainViewModel.swift in Sources */,
				50BE16C924EACB970093B38F /* AppDelegate.swift in Sources */,
				50BE16CB24EACB970093B38F /* SceneDelegate.swift in Sources */,
				50BE16CD24EACB970093B38F /* MainView.swift in Sources */,
				50A3487726E757A600EB0EDE /* Quits+CoreDataClass.swift in Sources */,
			);
			runOnlyForDeploymentPostprocessing = 0;
		};
/* End PBXSourcesBuildPhase section */

/* Begin PBXTargetDependency section */
		503D187B261E0D0800239E43 /* PBXTargetDependency */ = {
			isa = PBXTargetDependency;
			target = 50BE16C424EACB970093B38F /* Quit */;
			targetProxy = 503D187A261E0D0800239E43 /* PBXContainerItemProxy */;
		};
/* End PBXTargetDependency section */

/* Begin PBXVariantGroup section */
		50BE16D324EACB980093B38F /* LaunchScreen.storyboard */ = {
			isa = PBXVariantGroup;
			children = (
				50BE16D424EACB980093B38F /* Base */,
			);
			name = LaunchScreen.storyboard;
			sourceTree = "<group>";
		};
/* End PBXVariantGroup section */

/* Begin XCBuildConfiguration section */
		503D187C261E0D0800239E43 /* Debug */ = {
			isa = XCBuildConfiguration;
			buildSettings = {
				BUNDLE_LOADER = "$(TEST_HOST)";
				CLANG_WARN_QUOTED_INCLUDE_IN_FRAMEWORK_HEADER = YES;
				CODE_SIGN_STYLE = Automatic;
				DEVELOPMENT_TEAM = 95WZQ373WM;
				INFOPLIST_FILE = QuitTests/Info.plist;
				IPHONEOS_DEPLOYMENT_TARGET = 14.1;
				LD_RUNPATH_SEARCH_PATHS = (
					"$(inherited)",
					"@executable_path/Frameworks",
					"@loader_path/Frameworks",
				);
				PRODUCT_BUNDLE_IDENTIFIER = ggumieniak.QuitTests;
				PRODUCT_NAME = "$(TARGET_NAME)";
				SWIFT_VERSION = 5.0;
				TARGETED_DEVICE_FAMILY = "1,2";
				TEST_HOST = "$(BUILT_PRODUCTS_DIR)/Quit.app/Quit";
			};
			name = Debug;
		};
		503D187D261E0D0800239E43 /* Release */ = {
			isa = XCBuildConfiguration;
			buildSettings = {
				BUNDLE_LOADER = "$(TEST_HOST)";
				CLANG_WARN_QUOTED_INCLUDE_IN_FRAMEWORK_HEADER = YES;
				CODE_SIGN_STYLE = Automatic;
				DEVELOPMENT_TEAM = 95WZQ373WM;
				INFOPLIST_FILE = QuitTests/Info.plist;
				IPHONEOS_DEPLOYMENT_TARGET = 14.1;
				LD_RUNPATH_SEARCH_PATHS = (
					"$(inherited)",
					"@executable_path/Frameworks",
					"@loader_path/Frameworks",
				);
				PRODUCT_BUNDLE_IDENTIFIER = ggumieniak.QuitTests;
				PRODUCT_NAME = "$(TARGET_NAME)";
				SWIFT_VERSION = 5.0;
				TARGETED_DEVICE_FAMILY = "1,2";
				TEST_HOST = "$(BUILT_PRODUCTS_DIR)/Quit.app/Quit";
			};
			name = Release;
		};
		50BE16D724EACB980093B38F /* Debug */ = {
			isa = XCBuildConfiguration;
			buildSettings = {
				ALWAYS_SEARCH_USER_PATHS = NO;
				CLANG_ANALYZER_NONNULL = YES;
				CLANG_ANALYZER_NUMBER_OBJECT_CONVERSION = YES_AGGRESSIVE;
				CLANG_CXX_LANGUAGE_STANDARD = "gnu++14";
				CLANG_CXX_LIBRARY = "libc++";
				CLANG_ENABLE_MODULES = YES;
				CLANG_ENABLE_OBJC_ARC = YES;
				CLANG_ENABLE_OBJC_WEAK = YES;
				CLANG_WARN_BLOCK_CAPTURE_AUTORELEASING = YES;
				CLANG_WARN_BOOL_CONVERSION = YES;
				CLANG_WARN_COMMA = YES;
				CLANG_WARN_CONSTANT_CONVERSION = YES;
				CLANG_WARN_DEPRECATED_OBJC_IMPLEMENTATIONS = YES;
				CLANG_WARN_DIRECT_OBJC_ISA_USAGE = YES_ERROR;
				CLANG_WARN_DOCUMENTATION_COMMENTS = YES;
				CLANG_WARN_EMPTY_BODY = YES;
				CLANG_WARN_ENUM_CONVERSION = YES;
				CLANG_WARN_INFINITE_RECURSION = YES;
				CLANG_WARN_INT_CONVERSION = YES;
				CLANG_WARN_NON_LITERAL_NULL_CONVERSION = YES;
				CLANG_WARN_OBJC_IMPLICIT_RETAIN_SELF = YES;
				CLANG_WARN_OBJC_LITERAL_CONVERSION = YES;
				CLANG_WARN_OBJC_ROOT_CLASS = YES_ERROR;
				CLANG_WARN_QUOTED_INCLUDE_IN_FRAMEWORK_HEADER = YES;
				CLANG_WARN_RANGE_LOOP_ANALYSIS = YES;
				CLANG_WARN_STRICT_PROTOTYPES = YES;
				CLANG_WARN_SUSPICIOUS_MOVE = YES;
				CLANG_WARN_UNGUARDED_AVAILABILITY = YES_AGGRESSIVE;
				CLANG_WARN_UNREACHABLE_CODE = YES;
				CLANG_WARN__DUPLICATE_METHOD_MATCH = YES;
				COPY_PHASE_STRIP = NO;
				DEBUG_INFORMATION_FORMAT = dwarf;
				ENABLE_STRICT_OBJC_MSGSEND = YES;
				ENABLE_TESTABILITY = YES;
				GCC_C_LANGUAGE_STANDARD = gnu11;
				GCC_DYNAMIC_NO_PIC = NO;
				GCC_NO_COMMON_BLOCKS = YES;
				GCC_OPTIMIZATION_LEVEL = 0;
				GCC_PREPROCESSOR_DEFINITIONS = (
					"DEBUG=1",
					"$(inherited)",
				);
				GCC_WARN_64_TO_32_BIT_CONVERSION = YES;
				GCC_WARN_ABOUT_RETURN_TYPE = YES_ERROR;
				GCC_WARN_UNDECLARED_SELECTOR = YES;
				GCC_WARN_UNINITIALIZED_AUTOS = YES_AGGRESSIVE;
				GCC_WARN_UNUSED_FUNCTION = YES;
				GCC_WARN_UNUSED_VARIABLE = YES;
				IPHONEOS_DEPLOYMENT_TARGET = 14.1;
				MTL_ENABLE_DEBUG_INFO = INCLUDE_SOURCE;
				MTL_FAST_MATH = YES;
				ONLY_ACTIVE_ARCH = YES;
				SDKROOT = iphoneos;
				SWIFT_ACTIVE_COMPILATION_CONDITIONS = DEBUG;
				SWIFT_OPTIMIZATION_LEVEL = "-Onone";
				TARGETED_DEVICE_FAMILY = 1;
			};
			name = Debug;
		};
		50BE16D824EACB980093B38F /* Release */ = {
			isa = XCBuildConfiguration;
			buildSettings = {
				ALWAYS_SEARCH_USER_PATHS = NO;
				CLANG_ANALYZER_NONNULL = YES;
				CLANG_ANALYZER_NUMBER_OBJECT_CONVERSION = YES_AGGRESSIVE;
				CLANG_CXX_LANGUAGE_STANDARD = "gnu++14";
				CLANG_CXX_LIBRARY = "libc++";
				CLANG_ENABLE_MODULES = YES;
				CLANG_ENABLE_OBJC_ARC = YES;
				CLANG_ENABLE_OBJC_WEAK = YES;
				CLANG_WARN_BLOCK_CAPTURE_AUTORELEASING = YES;
				CLANG_WARN_BOOL_CONVERSION = YES;
				CLANG_WARN_COMMA = YES;
				CLANG_WARN_CONSTANT_CONVERSION = YES;
				CLANG_WARN_DEPRECATED_OBJC_IMPLEMENTATIONS = YES;
				CLANG_WARN_DIRECT_OBJC_ISA_USAGE = YES_ERROR;
				CLANG_WARN_DOCUMENTATION_COMMENTS = YES;
				CLANG_WARN_EMPTY_BODY = YES;
				CLANG_WARN_ENUM_CONVERSION = YES;
				CLANG_WARN_INFINITE_RECURSION = YES;
				CLANG_WARN_INT_CONVERSION = YES;
				CLANG_WARN_NON_LITERAL_NULL_CONVERSION = YES;
				CLANG_WARN_OBJC_IMPLICIT_RETAIN_SELF = YES;
				CLANG_WARN_OBJC_LITERAL_CONVERSION = YES;
				CLANG_WARN_OBJC_ROOT_CLASS = YES_ERROR;
				CLANG_WARN_QUOTED_INCLUDE_IN_FRAMEWORK_HEADER = YES;
				CLANG_WARN_RANGE_LOOP_ANALYSIS = YES;
				CLANG_WARN_STRICT_PROTOTYPES = YES;
				CLANG_WARN_SUSPICIOUS_MOVE = YES;
				CLANG_WARN_UNGUARDED_AVAILABILITY = YES_AGGRESSIVE;
				CLANG_WARN_UNREACHABLE_CODE = YES;
				CLANG_WARN__DUPLICATE_METHOD_MATCH = YES;
				COPY_PHASE_STRIP = NO;
				DEBUG_INFORMATION_FORMAT = "dwarf-with-dsym";
				ENABLE_NS_ASSERTIONS = NO;
				ENABLE_STRICT_OBJC_MSGSEND = YES;
				GCC_C_LANGUAGE_STANDARD = gnu11;
				GCC_NO_COMMON_BLOCKS = YES;
				GCC_WARN_64_TO_32_BIT_CONVERSION = YES;
				GCC_WARN_ABOUT_RETURN_TYPE = YES_ERROR;
				GCC_WARN_UNDECLARED_SELECTOR = YES;
				GCC_WARN_UNINITIALIZED_AUTOS = YES_AGGRESSIVE;
				GCC_WARN_UNUSED_FUNCTION = YES;
				GCC_WARN_UNUSED_VARIABLE = YES;
				IPHONEOS_DEPLOYMENT_TARGET = 14.1;
				MTL_ENABLE_DEBUG_INFO = NO;
				MTL_FAST_MATH = YES;
				SDKROOT = iphoneos;
				SWIFT_COMPILATION_MODE = wholemodule;
				SWIFT_OPTIMIZATION_LEVEL = "-O";
				TARGETED_DEVICE_FAMILY = 1;
				VALIDATE_PRODUCT = YES;
			};
			name = Release;
		};
		50BE16DA24EACB980093B38F /* Debug */ = {
			isa = XCBuildConfiguration;
			buildSettings = {
				ASSETCATALOG_COMPILER_APPICON_NAME = AppIcon;
				CODE_SIGN_STYLE = Automatic;
				DEVELOPMENT_ASSET_PATHS = "\"Quit/Preview Content\"";
				DEVELOPMENT_TEAM = 95WZQ373WM;
				ENABLE_PREVIEWS = YES;
				INFOPLIST_FILE = Quit/Info.plist;
				LD_RUNPATH_SEARCH_PATHS = (
					"$(inherited)",
					"@executable_path/Frameworks",
				);
				PRODUCT_BUNDLE_IDENTIFIER = ggumieniak;
				PRODUCT_NAME = "$(TARGET_NAME)";
				SWIFT_VERSION = 5.0;
				TARGETED_DEVICE_FAMILY = "1,2";
			};
			name = Debug;
		};
		50BE16DB24EACB980093B38F /* Release */ = {
			isa = XCBuildConfiguration;
			buildSettings = {
				ASSETCATALOG_COMPILER_APPICON_NAME = AppIcon;
				CODE_SIGN_STYLE = Automatic;
				DEVELOPMENT_ASSET_PATHS = "\"Quit/Preview Content\"";
				DEVELOPMENT_TEAM = 95WZQ373WM;
				ENABLE_PREVIEWS = YES;
				INFOPLIST_FILE = Quit/Info.plist;
				LD_RUNPATH_SEARCH_PATHS = (
					"$(inherited)",
					"@executable_path/Frameworks",
				);
				PRODUCT_BUNDLE_IDENTIFIER = ggumieniak;
				PRODUCT_NAME = "$(TARGET_NAME)";
				SWIFT_VERSION = 5.0;
				TARGETED_DEVICE_FAMILY = "1,2";
			};
			name = Release;
		};
/* End XCBuildConfiguration section */

/* Begin XCConfigurationList section */
		503D187E261E0D0800239E43 /* Build configuration list for PBXNativeTarget "QuitTests" */ = {
			isa = XCConfigurationList;
			buildConfigurations = (
				503D187C261E0D0800239E43 /* Debug */,
				503D187D261E0D0800239E43 /* Release */,
			);
			defaultConfigurationIsVisible = 0;
			defaultConfigurationName = Release;
		};
		50BE16C024EACB970093B38F /* Build configuration list for PBXProject "Quit" */ = {
			isa = XCConfigurationList;
			buildConfigurations = (
				50BE16D724EACB980093B38F /* Debug */,
				50BE16D824EACB980093B38F /* Release */,
			);
			defaultConfigurationIsVisible = 0;
			defaultConfigurationName = Release;
		};
		50BE16D924EACB980093B38F /* Build configuration list for PBXNativeTarget "Quit" */ = {
			isa = XCConfigurationList;
			buildConfigurations = (
				50BE16DA24EACB980093B38F /* Debug */,
				50BE16DB24EACB980093B38F /* Release */,
			);
			defaultConfigurationIsVisible = 0;
			defaultConfigurationName = Release;
		};
/* End XCConfigurationList section */

/* Begin XCVersionGroup section */
		50A35DC426E641F30077AB03 /* Quits.xcdatamodeld */ = {
			isa = XCVersionGroup;
			children = (
				50A35DC526E641F30077AB03 /* Quits.xcdatamodel */,
			);
			currentVersion = 50A35DC526E641F30077AB03 /* Quits.xcdatamodel */;
			path = Quits.xcdatamodeld;
			sourceTree = "<group>";
			versionGroupType = wrapper.xcdatamodel;
		};
/* End XCVersionGroup section */
	};
	rootObject = 50BE16BD24EACB970093B38F /* Project object */;
}
